
Microsoft Visual Studio Solution File, Format Version 12.00
# Visual Studio Version 17
VisualStudioVersion = 17.8.34330.188
MinimumVisualStudioVersion = 10.0.40219.1
Project("{FAE04EC0-301F-11D3-BF4B-00C04F79EFBC}") = "ShimGen", "ShimGen.csproj", "{33158A5F-082C-4142-8326-CA4DF7B179C9}"
EndProject
Global
	GlobalSection(SolutionConfigurationPlatforms) = preSolution
		Debug|Any CPU = Debug|Any CPU
		Release|Any CPU = Release|Any CPU
	EndGlobalSection
	GlobalSection(ProjectConfigurationPlatforms) = postSolution
		{33158A5F-082C-4142-8326-CA4DF7B179C9}.Debug|Any CPU.ActiveCfg = Debug|Any CPU
		{33158A5F-082C-4142-8326-CA4DF7B179C9}.Debug|Any CPU.Build.0 = Debug|Any CPU
		{33158A5F-082C-4142-8326-CA4DF7B179C9}.Release|Any CPU.ActiveCfg = Release|Any CPU
		{33158A5F-082C-4142-8326-CA4DF7B179C9}.Release|Any CPU.Build.0 = Release|Any CPU
	EndGlobalSection
	GlobalSection(SolutionProperties) = preSolution
		HideSolutionNode = FALSE
	EndGlobalSection
	GlobalSection(ExtensibilityGlobals) = postSolution
		SolutionGuid = {0A8D207B-72F6-489D-A20B-5B0DE794DF5F}
	EndGlobalSection
EndGlobal
